
Microsoft Visual Studio Solution File, Format Version 12.00
# Visual Studio Version 17
VisualStudioVersion = 17.3.32804.467
MinimumVisualStudioVersion = 10.0.40219.1
Project("{FAE04EC0-301F-11D3-BF4B-00C04F79EFBC}") = "EngGame", "EngGame\EngGame.csproj", "{4919BD1C-888E-42FF-B3A6-6B975D72D85E}"
EndProject
Project("{FAE04EC0-301F-11D3-BF4B-00C04F79EFBC}") = "EngTestFramework", "EngTestFramework\EngTestFramework.csproj", "{C8E3394B-AF39-4913-886D-38713EAEE693}"
EndProject
Global
	GlobalSection(SolutionConfigurationPlatforms) = preSolution
		Debug|Any CPU = Debug|Any CPU
		Release|Any CPU = Release|Any CPU
	EndGlobalSection
	GlobalSection(ProjectConfigurationPlatforms) = postSolution
		{4919BD1C-888E-42FF-B3A6-6B975D72D85E}.Debug|Any CPU.ActiveCfg = Debug|Any CPU
		{4919BD1C-888E-42FF-B3A6-6B975D72D85E}.Debug|Any CPU.Build.0 = Debug|Any CPU
		{4919BD1C-888E-42FF-B3A6-6B975D72D85E}.Release|Any CPU.ActiveCfg = Release|Any CPU
		{4919BD1C-888E-42FF-B3A6-6B975D72D85E}.Release|Any CPU.Build.0 = Release|Any CPU
		{C8E3394B-AF39-4913-886D-38713EAEE693}.Debug|Any CPU.ActiveCfg = Debug|Any CPU
		{C8E3394B-AF39-4913-886D-38713EAEE693}.Debug|Any CPU.Build.0 = Debug|Any CPU
		{C8E3394B-AF39-4913-886D-38713EAEE693}.Release|Any CPU.ActiveCfg = Release|Any CPU
		{C8E3394B-AF39-4913-886D-38713EAEE693}.Release|Any CPU.Build.0 = Release|Any CPU
	EndGlobalSection
	GlobalSection(SolutionProperties) = preSolution
		HideSolutionNode = FALSE
	EndGlobalSection
	GlobalSection(ExtensibilityGlobals) = postSolution
		SolutionGuid = {FBD120BD-6984-434F-B5C8-C787979329EC}
	EndGlobalSection
EndGlobal
